
Microsoft Visual Studio Solution File, Format Version 12.00
# Visual Studio Version 17
VisualStudioVersion = 17.10.34916.146
MinimumVisualStudioVersion = 10.0.40219.1
Project("{9A19103F-16F7-4668-BE54-9A1E7A4F7556}") = "FinancialApp", "FinancialApp.csproj", "{CC60022E-EDE5-464C-9B35-46D18C93BB42}"
EndProject
Project("{9A19103F-16F7-4668-BE54-9A1E7A4F7556}") = "FinancialApp.Domain", "..\FinancialApp.Domain\FinancialApp.Domain.csproj", "{1CE3A2CA-FCD1-467F-B9C8-D7E0B614A39B}"
EndProject
Project("{9A19103F-16F7-4668-BE54-9A1E7A4F7556}") = "FinancialApp.Infrastructure", "..\FinancialApp.Infrastructure\FinancialApp.Infrastructure.csproj", "{A2A7ADAB-F777-4B32-A083-9D963C908629}"
EndProject
Project("{9A19103F-16F7-4668-BE54-9A1E7A4F7556}") = "FinancialApp.Application", "..\FinancialApp.Application\FinancialApp.Application.csproj", "{9599B6AA-760A-4876-A7C4-816C47F9B3D4}"
EndProject
Project("{2150E333-8FDC-42A3-9474-1A3956D46DE8}") = "NotificationService", "NotificationService", "{08B35D23-4C9E-43D1-AC55-3A16E6CFBF9B}"
EndProject
Project("{9A19103F-16F7-4668-BE54-9A1E7A4F7556}") = "NotificationService", "..\NotificationService\NotificationService.csproj", "{C2E65C4C-9CE5-43EA-B776-E364565FFA6E}"
EndProject
Project("{9A19103F-16F7-4668-BE54-9A1E7A4F7556}") = "NotificationService.Application", "..\NotificationService.Application\NotificationService.Application.csproj", "{6CB22749-75A3-43D2-A306-C9FB1529F506}"
EndProject
Project("{9A19103F-16F7-4668-BE54-9A1E7A4F7556}") = "NotificationService.Infrastructure", "..\NotificationService.Infrastructure\NotificationService.Infrastructure.csproj", "{599A4DC2-6C80-420B-BEFD-6A1C13D6891E}"
EndProject
Project("{9A19103F-16F7-4668-BE54-9A1E7A4F7556}") = "NotificationService.Domain", "..\NotificationService.Domain\NotificationService.Domain.csproj", "{E024F410-1C9E-486C-A9ED-32B768F08D7F}"
EndProject
Project("{2150E333-8FDC-42A3-9474-1A3956D46DE8}") = "Financial", "Financial", "{8D15FFD9-DE72-4491-90BA-027CB2C699A8}"
EndProject
Project("{2150E333-8FDC-42A3-9474-1A3956D46DE8}") = "Solution Items", "Solution Items", "{CBF40AA1-DD87-4E16-AD6E-7E05480EC6A4}"
	ProjectSection(SolutionItems) = preProject
		..\.env = ..\.env
		..\docker-compose.yml = ..\docker-compose.yml
		traefik-configuration.yml = traefik-configuration.yml
	EndProjectSection
EndProject
Project("{2150E333-8FDC-42A3-9474-1A3956D46DE8}") = "AuthorizationService", "AuthorizationService", "{E32F65B4-DD43-4548-A8BD-B11B98FFA87D}"
EndProject
Project("{9A19103F-16F7-4668-BE54-9A1E7A4F7556}") = "AuthorizationService", "..\AuthorizationService\AuthorizationService.csproj", "{3821CDE9-5006-48A5-BC46-142A2202EBE7}"
EndProject
Project("{9A19103F-16F7-4668-BE54-9A1E7A4F7556}") = "AuthorizationService.Application", "..\AuthorizationService.Application\AuthorizationService.Application.csproj", "{CF8EBD99-CBEF-4A85-B168-CC165C930AB5}"
EndProject
Project("{9A19103F-16F7-4668-BE54-9A1E7A4F7556}") = "AuthorizationService.Domain", "..\AuthorizationService.Domain\AuthorizationService.Domain.csproj", "{F0CA7C99-0F45-45F7-BA1A-D0AF5FFFEE3D}"
EndProject
Project("{9A19103F-16F7-4668-BE54-9A1E7A4F7556}") = "AuthorizationService.Infrastructure", "..\AuthorizationService.Infrastructure\AuthorizationService.Infrastructure.csproj", "{8F9DCDBB-E733-4FE0-B6AB-2A5F2F4BE81E}"
EndProject
Global
	GlobalSection(SolutionConfigurationPlatforms) = preSolution
		Debug|Any CPU = Debug|Any CPU
		Release|Any CPU = Release|Any CPU
	EndGlobalSection
	GlobalSection(ProjectConfigurationPlatforms) = postSolution
		{CC60022E-EDE5-464C-9B35-46D18C93BB42}.Debug|Any CPU.ActiveCfg = Debug|Any CPU
		{CC60022E-EDE5-464C-9B35-46D18C93BB42}.Debug|Any CPU.Build.0 = Debug|Any CPU
		{CC60022E-EDE5-464C-9B35-46D18C93BB42}.Release|Any CPU.ActiveCfg = Release|Any CPU
		{CC60022E-EDE5-464C-9B35-46D18C93BB42}.Release|Any CPU.Build.0 = Release|Any CPU
		{1CE3A2CA-FCD1-467F-B9C8-D7E0B614A39B}.Debug|Any CPU.ActiveCfg = Debug|Any CPU
		{1CE3A2CA-FCD1-467F-B9C8-D7E0B614A39B}.Debug|Any CPU.Build.0 = Debug|Any CPU
		{1CE3A2CA-FCD1-467F-B9C8-D7E0B614A39B}.Release|Any CPU.ActiveCfg = Release|Any CPU
		{1CE3A2CA-FCD1-467F-B9C8-D7E0B614A39B}.Release|Any CPU.Build.0 = Release|Any CPU
		{A2A7ADAB-F777-4B32-A083-9D963C908629}.Debug|Any CPU.ActiveCfg = Debug|Any CPU
		{A2A7ADAB-F777-4B32-A083-9D963C908629}.Debug|Any CPU.Build.0 = Debug|Any CPU
		{A2A7ADAB-F777-4B32-A083-9D963C908629}.Release|Any CPU.ActiveCfg = Release|Any CPU
		{A2A7ADAB-F777-4B32-A083-9D963C908629}.Release|Any CPU.Build.0 = Release|Any CPU
		{9599B6AA-760A-4876-A7C4-816C47F9B3D4}.Debug|Any CPU.ActiveCfg = Debug|Any CPU
		{9599B6AA-760A-4876-A7C4-816C47F9B3D4}.Debug|Any CPU.Build.0 = Debug|Any CPU
		{9599B6AA-760A-4876-A7C4-816C47F9B3D4}.Release|Any CPU.ActiveCfg = Release|Any CPU
		{9599B6AA-760A-4876-A7C4-816C47F9B3D4}.Release|Any CPU.Build.0 = Release|Any CPU
		{C2E65C4C-9CE5-43EA-B776-E364565FFA6E}.Debug|Any CPU.ActiveCfg = Debug|Any CPU
		{C2E65C4C-9CE5-43EA-B776-E364565FFA6E}.Debug|Any CPU.Build.0 = Debug|Any CPU
		{C2E65C4C-9CE5-43EA-B776-E364565FFA6E}.Release|Any CPU.ActiveCfg = Release|Any CPU
		{C2E65C4C-9CE5-43EA-B776-E364565FFA6E}.Release|Any CPU.Build.0 = Release|Any CPU
		{6CB22749-75A3-43D2-A306-C9FB1529F506}.Debug|Any CPU.ActiveCfg = Debug|Any CPU
		{6CB22749-75A3-43D2-A306-C9FB1529F506}.Debug|Any CPU.Build.0 = Debug|Any CPU
		{6CB22749-75A3-43D2-A306-C9FB1529F506}.Release|Any CPU.ActiveCfg = Release|Any CPU
		{6CB22749-75A3-43D2-A306-C9FB1529F506}.Release|Any CPU.Build.0 = Release|Any CPU
		{599A4DC2-6C80-420B-BEFD-6A1C13D6891E}.Debug|Any CPU.ActiveCfg = Debug|Any CPU
		{599A4DC2-6C80-420B-BEFD-6A1C13D6891E}.Debug|Any CPU.Build.0 = Debug|Any CPU
		{599A4DC2-6C80-420B-BEFD-6A1C13D6891E}.Release|Any CPU.ActiveCfg = Release|Any CPU
		{599A4DC2-6C80-420B-BEFD-6A1C13D6891E}.Release|Any CPU.Build.0 = Release|Any CPU
		{E024F410-1C9E-486C-A9ED-32B768F08D7F}.Debug|Any CPU.ActiveCfg = Debug|Any CPU
		{E024F410-1C9E-486C-A9ED-32B768F08D7F}.Debug|Any CPU.Build.0 = Debug|Any CPU
		{E024F410-1C9E-486C-A9ED-32B768F08D7F}.Release|Any CPU.ActiveCfg = Release|Any CPU
		{E024F410-1C9E-486C-A9ED-32B768F08D7F}.Release|Any CPU.Build.0 = Release|Any CPU
		{3821CDE9-5006-48A5-BC46-142A2202EBE7}.Debug|Any CPU.ActiveCfg = Debug|Any CPU
		{3821CDE9-5006-48A5-BC46-142A2202EBE7}.Debug|Any CPU.Build.0 = Debug|Any CPU
		{3821CDE9-5006-48A5-BC46-142A2202EBE7}.Release|Any CPU.ActiveCfg = Release|Any CPU
		{3821CDE9-5006-48A5-BC46-142A2202EBE7}.Release|Any CPU.Build.0 = Release|Any CPU
		{CF8EBD99-CBEF-4A85-B168-CC165C930AB5}.Debug|Any CPU.ActiveCfg = Debug|Any CPU
		{CF8EBD99-CBEF-4A85-B168-CC165C930AB5}.Debug|Any CPU.Build.0 = Debug|Any CPU
		{CF8EBD99-CBEF-4A85-B168-CC165C930AB5}.Release|Any CPU.ActiveCfg = Release|Any CPU
		{CF8EBD99-CBEF-4A85-B168-CC165C930AB5}.Release|Any CPU.Build.0 = Release|Any CPU
		{F0CA7C99-0F45-45F7-BA1A-D0AF5FFFEE3D}.Debug|Any CPU.ActiveCfg = Debug|Any CPU
		{F0CA7C99-0F45-45F7-BA1A-D0AF5FFFEE3D}.Debug|Any CPU.Build.0 = Debug|Any CPU
		{F0CA7C99-0F45-45F7-BA1A-D0AF5FFFEE3D}.Release|Any CPU.ActiveCfg = Release|Any CPU
		{F0CA7C99-0F45-45F7-BA1A-D0AF5FFFEE3D}.Release|Any CPU.Build.0 = Release|Any CPU
		{8F9DCDBB-E733-4FE0-B6AB-2A5F2F4BE81E}.Debug|Any CPU.ActiveCfg = Debug|Any CPU
		{8F9DCDBB-E733-4FE0-B6AB-2A5F2F4BE81E}.Debug|Any CPU.Build.0 = Debug|Any CPU
		{8F9DCDBB-E733-4FE0-B6AB-2A5F2F4BE81E}.Release|Any CPU.ActiveCfg = Release|Any CPU
		{8F9DCDBB-E733-4FE0-B6AB-2A5F2F4BE81E}.Release|Any CPU.Build.0 = Release|Any CPU
	EndGlobalSection
	GlobalSection(SolutionProperties) = preSolution
		HideSolutionNode = FALSE
	EndGlobalSection
	GlobalSection(NestedProjects) = preSolution
		{CC60022E-EDE5-464C-9B35-46D18C93BB42} = {8D15FFD9-DE72-4491-90BA-027CB2C699A8}
		{1CE3A2CA-FCD1-467F-B9C8-D7E0B614A39B} = {8D15FFD9-DE72-4491-90BA-027CB2C699A8}
		{A2A7ADAB-F777-4B32-A083-9D963C908629} = {8D15FFD9-DE72-4491-90BA-027CB2C699A8}
		{9599B6AA-760A-4876-A7C4-816C47F9B3D4} = {8D15FFD9-DE72-4491-90BA-027CB2C699A8}
		{C2E65C4C-9CE5-43EA-B776-E364565FFA6E} = {08B35D23-4C9E-43D1-AC55-3A16E6CFBF9B}
		{6CB22749-75A3-43D2-A306-C9FB1529F506} = {08B35D23-4C9E-43D1-AC55-3A16E6CFBF9B}
		{599A4DC2-6C80-420B-BEFD-6A1C13D6891E} = {08B35D23-4C9E-43D1-AC55-3A16E6CFBF9B}
		{E024F410-1C9E-486C-A9ED-32B768F08D7F} = {08B35D23-4C9E-43D1-AC55-3A16E6CFBF9B}
		{3821CDE9-5006-48A5-BC46-142A2202EBE7} = {E32F65B4-DD43-4548-A8BD-B11B98FFA87D}
		{CF8EBD99-CBEF-4A85-B168-CC165C930AB5} = {E32F65B4-DD43-4548-A8BD-B11B98FFA87D}
		{F0CA7C99-0F45-45F7-BA1A-D0AF5FFFEE3D} = {E32F65B4-DD43-4548-A8BD-B11B98FFA87D}
		{8F9DCDBB-E733-4FE0-B6AB-2A5F2F4BE81E} = {E32F65B4-DD43-4548-A8BD-B11B98FFA87D}
	EndGlobalSection
	GlobalSection(ExtensibilityGlobals) = postSolution
		SolutionGuid = {8D0870CA-F23C-48A8-A441-3D4C43084942}
	EndGlobalSection
EndGlobal
